
Microsoft Visual Studio Solution File, Format Version 12.00
# Visual Studio 15
VisualStudioVersion = 15.0.27703.2000
MinimumVisualStudioVersion = 10.0.40219.1
Project("{E24C65DC-7377-472B-9ABA-BC803B73C61A}") = "Identidad", "Identidad\", "{19926DFB-82EE-4B0D-AD6A-F31CE61AF202}"
	ProjectSection(WebsiteProperties) = preProject
		TargetFrameworkMoniker = ".NETFramework,Version%3Dv4.0"
		Debug.AspNetCompiler.VirtualPath = "/localhost_22728"
		Debug.AspNetCompiler.PhysicalPath = "Identidad\"
		Debug.AspNetCompiler.TargetPath = "PrecompiledWeb\localhost_22728\"
		Debug.AspNetCompiler.Updateable = "true"
		Debug.AspNetCompiler.ForceOverwrite = "true"
		Debug.AspNetCompiler.FixedNames = "false"
		Debug.AspNetCompiler.Debug = "True"
		Release.AspNetCompiler.VirtualPath = "/localhost_22728"
		Release.AspNetCompiler.PhysicalPath = "Identidad\"
		Release.AspNetCompiler.TargetPath = "PrecompiledWeb\localhost_22728\"
		Release.AspNetCompiler.Updateable = "true"
		Release.AspNetCompiler.ForceOverwrite = "true"
		Release.AspNetCompiler.FixedNames = "false"
		Release.AspNetCompiler.Debug = "False"
		VWDPort = "22728"
		SlnRelativePath = "Identidad\"
		DefaultWebSiteLanguage = "Visual Basic"
	EndProjectSection
EndProject
Global
	GlobalSection(SolutionConfigurationPlatforms) = preSolution
		Debug|Any CPU = Debug|Any CPU
	EndGlobalSection
	GlobalSection(ProjectConfigurationPlatforms) = postSolution
		{19926DFB-82EE-4B0D-AD6A-F31CE61AF202}.Debug|Any CPU.ActiveCfg = Debug|Any CPU
		{19926DFB-82EE-4B0D-AD6A-F31CE61AF202}.Debug|Any CPU.Build.0 = Debug|Any CPU
	EndGlobalSection
	GlobalSection(SolutionProperties) = preSolution
		HideSolutionNode = FALSE
	EndGlobalSection
	GlobalSection(ExtensibilityGlobals) = postSolution
		SolutionGuid = {1099F1E5-848C-4FF1-B58E-8CE1A44050EB}
	EndGlobalSection
EndGlobal
